// !$*UTF8*$!
{
	archiveVersion = 1;
	classes = {
	};
	objectVersion = 46;
	objects = {

/* Begin PBXBuildFile section */
		B2767F9A1AE032B4007C33B8 /* AppDelegate.swift in Sources */ = {isa = PBXBuildFile; fileRef = B2767F991AE032B4007C33B8 /* AppDelegate.swift */; };
		B2767F9C1AE032B4007C33B8 /* ViewController.swift in Sources */ = {isa = PBXBuildFile; fileRef = B2767F9B1AE032B4007C33B8 /* ViewController.swift */; };
		B2767F9F1AE032B4007C33B8 /* Main.storyboard in Resources */ = {isa = PBXBuildFile; fileRef = B2767F9D1AE032B4007C33B8 /* Main.storyboard */; };
		B2767FA11AE032B4007C33B8 /* Images.xcassets in Resources */ = {isa = PBXBuildFile; fileRef = B2767FA01AE032B4007C33B8 /* Images.xcassets */; };
		B2767FA41AE032B4007C33B8 /* LaunchScreen.xib in Resources */ = {isa = PBXBuildFile; fileRef = B2767FA21AE032B4007C33B8 /* LaunchScreen.xib */; };
		B2767FB01AE032B4007C33B8 /* image_downloadTests.swift in Sources */ = {isa = PBXBuildFile; fileRef = B2767FAF1AE032B4007C33B8 /* image_downloadTests.swift */; };
		B27AD1241AE1460B00645DDA /* Helper.swift in Sources */ = {isa = PBXBuildFile; fileRef = B27AD1231AE1460B00645DDA /* Helper.swift */; };
/* End PBXBuildFile section */

/* Begin PBXContainerItemProxy section */
		B2767FAA1AE032B4007C33B8 /* PBXContainerItemProxy */ = {
			isa = PBXContainerItemProxy;
			containerPortal = B2767F8C1AE032B4007C33B8 /* Project object */;
			proxyType = 1;
			remoteGlobalIDString = B2767F931AE032B4007C33B8;
			remoteInfo = image_download;
		};
/* End PBXContainerItemProxy section */

/* Begin PBXFileReference section */
		B2767F941AE032B4007C33B8 /* image_download.app */ = {isa = PBXFileReference; explicitFileType = wrapper.application; includeInIndex = 0; path = image_download.app; sourceTree = BUILT_PRODUCTS_DIR; };
		B2767F981AE032B4007C33B8 /* Info.plist */ = {isa = PBXFileReference; lastKnownFileType = text.plist.xml; path = Info.plist; sourceTree = "<group>"; };
		B2767F991AE032B4007C33B8 /* AppDelegate.swift */ = {isa = PBXFileReference; lastKnownFileType = sourcecode.swift; path = AppDelegate.swift; sourceTree = "<group>"; };
		B2767F9B1AE032B4007C33B8 /* ViewController.swift */ = {isa = PBXFileReference; lastKnownFileType = sourcecode.swift; path = ViewController.swift; sourceTree = "<group>"; };
		B2767F9E1AE032B4007C33B8 /* Base */ = {isa = PBXFileReference; lastKnownFileType = file.storyboard; name = Base; path = Base.lproj/Main.storyboard; sourceTree = "<group>"; };
		B2767FA01AE032B4007C33B8 /* Images.xcassets */ = {isa = PBXFileReference; lastKnownFileType = folder.assetcatalog; path = Images.xcassets; sourceTree = "<group>"; };
		B2767FA31AE032B4007C33B8 /* Base */ = {isa = PBXFileReference; lastKnownFileType = file.xib; name = Base; path = Base.lproj/LaunchScreen.xib; sourceTree = "<group>"; };
		B2767FA91AE032B4007C33B8 /* image_downloadTests.xctest */ = {isa = PBXFileReference; explicitFileType = wrapper.cfbundle; includeInIndex = 0; path = image_downloadTests.xctest; sourceTree = BUILT_PRODUCTS_DIR; };
		B2767FAE1AE032B4007C33B8 /* Info.plist */ = {isa = PBXFileReference; lastKnownFileType = text.plist.xml; path = Info.plist; sourceTree = "<group>"; };
		B2767FAF1AE032B4007C33B8 /* image_downloadTests.swift */ = {isa = PBXFileReference; lastKnownFileType = sourcecode.swift; path = image_downloadTests.swift; sourceTree = "<group>"; };
		B27AD1231AE1460B00645DDA /* Helper.swift */ = {isa = PBXFileReference; fileEncoding = 4; lastKnownFileType = sourcecode.swift; path = Helper.swift; sourceTree = "<group>"; };
/* End PBXFileReference section */

/* Begin PBXFrameworksBuildPhase section */
		B2767F911AE032B4007C33B8 /* Frameworks */ = {
			isa = PBXFrameworksBuildPhase;
			buildActionMask = 2147483647;
			files = (
			);
			runOnlyForDeploymentPostprocessing = 0;
		};
		B2767FA61AE032B4007C33B8 /* Frameworks */ = {
			isa = PBXFrameworksBuildPhase;
			buildActionMask = 2147483647;
			files = (
			);
			runOnlyForDeploymentPostprocessing = 0;
		};
/* End PBXFrameworksBuildPhase section */

/* Begin PBXGroup section */
		B2767F8B1AE032B4007C33B8 = {
			isa = PBXGroup;
			children = (
				B2767F961AE032B4007C33B8 /* image_download */,
				B2767FAC1AE032B4007C33B8 /* image_downloadTests */,
				B2767F951AE032B4007C33B8 /* Products */,
			);
			sourceTree = "<group>";
		};
		B2767F951AE032B4007C33B8 /* Products */ = {
			isa = PBXGroup;
			children = (
				B2767F941AE032B4007C33B8 /* image_download.app */,
				B2767FA91AE032B4007C33B8 /* image_downloadTests.xctest */,
			);
			name = Products;
			sourceTree = "<group>";
		};
		B2767F961AE032B4007C33B8 /* image_download */ = {
			isa = PBXGroup;
			children = (
				B2767F991AE032B4007C33B8 /* AppDelegate.swift */,
				B2767F9B1AE032B4007C33B8 /* ViewController.swift */,
				B27AD1231AE1460B00645DDA /* Helper.swift */,
				B2767F9D1AE032B4007C33B8 /* Main.storyboard */,
				B2767FA01AE032B4007C33B8 /* Images.xcassets */,
				B2767FA21AE032B4007C33B8 /* LaunchScreen.xib */,
				B2767F971AE032B4007C33B8 /* Supporting Files */,
			);
			path = image_download;
			sourceTree = "<group>";
		};
		B2767F971AE032B4007C33B8 /* Supporting Files */ = {
			isa = PBXGroup;
			children = (
				B2767F981AE032B4007C33B8 /* Info.plist */,
			);
			name = "Supporting Files";
			sourceTree = "<group>";
		};
		B2767FAC1AE032B4007C33B8 /* image_downloadTests */ = {
			isa = PBXGroup;
			children = (
				B2767FAF1AE032B4007C33B8 /* image_downloadTests.swift */,
				B2767FAD1AE032B4007C33B8 /* Supporting Files */,
			);
			path = image_downloadTests;
			sourceTree = "<group>";
		};
		B2767FAD1AE032B4007C33B8 /* Supporting Files */ = {
			isa = PBXGroup;
			children = (
				B2767FAE1AE032B4007C33B8 /* Info.plist */,
			);
			name = "Supporting Files";
			sourceTree = "<group>";
		};
/* End PBXGroup section */

/* Begin PBXNativeTarget section */
		B2767F931AE032B4007C33B8 /* image_download */ = {
			isa = PBXNativeTarget;
			buildConfigurationList = B2767FB31AE032B4007C33B8 /* Build configuration list for PBXNativeTarget "image_download" */;
			buildPhases = (
				B2767F901AE032B4007C33B8 /* Sources */,
				B2767F911AE032B4007C33B8 /* Frameworks */,
				B2767F921AE032B4007C33B8 /* Resources */,
			);
			buildRules = (
			);
			dependencies = (
			);
			name = image_download;
			productName = image_download;
			productReference = B2767F941AE032B4007C33B8 /* image_download.app */;
			productType = "com.apple.product-type.application";
		};
		B2767FA81AE032B4007C33B8 /* image_downloadTests */ = {
			isa = PBXNativeTarget;
			buildConfigurationList = B2767FB61AE032B4007C33B8 /* Build configuration list for PBXNativeTarget "image_downloadTests" */;
			buildPhases = (
				B2767FA51AE032B4007C33B8 /* Sources */,
				B2767FA61AE032B4007C33B8 /* Frameworks */,
				B2767FA71AE032B4007C33B8 /* Resources */,
			);
			buildRules = (
			);
			dependencies = (
				B2767FAB1AE032B4007C33B8 /* PBXTargetDependency */,
			);
			name = image_downloadTests;
			productName = image_downloadTests;
			productReference = B2767FA91AE032B4007C33B8 /* image_downloadTests.xctest */;
			productType = "com.apple.product-type.bundle.unit-test";
		};
/* End PBXNativeTarget section */

/* Begin PBXProject section */
		B2767F8C1AE032B4007C33B8 /* Project object */ = {
			isa = PBXProject;
			attributes = {
				LastUpgradeCheck = 0620;
				ORGANIZATIONNAME = "Adygzhy Ondar";
				TargetAttributes = {
					B2767F931AE032B4007C33B8 = {
						CreatedOnToolsVersion = 6.2;
					};
					B2767FA81AE032B4007C33B8 = {
						CreatedOnToolsVersion = 6.2;
						TestTargetID = B2767F931AE032B4007C33B8;
					};
				};
			};
			buildConfigurationList = B2767F8F1AE032B4007C33B8 /* Build configuration list for PBXProject "image_download" */;
			compatibilityVersion = "Xcode 3.2";
			developmentRegion = English;
			hasScannedForEncodings = 0;
			knownRegions = (
				en,
				Base,
			);
			mainGroup = B2767F8B1AE032B4007C33B8;
			productRefGroup = B2767F951AE032B4007C33B8 /* Products */;
			projectDirPath = "";
			projectRoot = "";
			targets = (
				B2767F931AE032B4007C33B8 /* image_download */,
				B2767FA81AE032B4007C33B8 /* image_downloadTests */,
			);
		};
/* End PBXProject section */

/* Begin PBXResourcesBuildPhase section */
		B2767F921AE032B4007C33B8 /* Resources */ = {
			isa = PBXResourcesBuildPhase;
			buildActionMask = 2147483647;
			files = (
				B2767F9F1AE032B4007C33B8 /* Main.storyboard in Resources */,
				B2767FA41AE032B4007C33B8 /* LaunchScreen.xib in Resources */,
				B2767FA11AE032B4007C33B8 /* Images.xcassets in Resources */,
			);
			runOnlyForDeploymentPostprocessing = 0;
		};
		B2767FA71AE032B4007C33B8 /* Resources */ = {
			isa = PBXResourcesBuildPhase;
			buildActionMask = 2147483647;
			files = (
			);
			runOnlyForDeploymentPostprocessing = 0;
		};
/* End PBXResourcesBuildPhase section */

/* Begin PBXSourcesBuildPhase section */
		B2767F901AE032B4007C33B8 /* Sources */ = {
			isa = PBXSourcesBuildPhase;
			buildActionMask = 2147483647;
			files = (
				B27AD1241AE1460B00645DDA /* Helper.swift in Sources */,
				B2767F9C1AE032B4007C33B8 /* ViewController.swift in Sources */,
				B2767F9A1AE032B4007C33B8 /* AppDelegate.swift in Sources */,
			);
			runOnlyForDeploymentPostprocessing = 0;
		};
		B2767FA51AE032B4007C33B8 /* Sources */ = {
			isa = PBXSourcesBuildPhase;
			buildActionMask = 2147483647;
			files = (
				B2767FB01AE032B4007C33B8 /* image_downloadTests.swift in Sources */,
			);
			runOnlyForDeploymentPostprocessing = 0;
		};
/* End PBXSourcesBuildPhase section */

/* Begin PBXTargetDependency section */
		B2767FAB1AE032B4007C33B8 /* PBXTargetDependency */ = {
			isa = PBXTargetDependency;
			target = B2767F931AE032B4007C33B8 /* image_download */;
			targetProxy = B2767FAA1AE032B4007C33B8 /* PBXContainerItemProxy */;
		};
/* End PBXTargetDependency section */

/* Begin PBXVariantGroup section */
		B2767F9D1AE032B4007C33B8 /* Main.storyboard */ = {
			isa = PBXVariantGroup;
			children = (
				B2767F9E1AE032B4007C33B8 /* Base */,
			);
			name = Main.storyboard;
			sourceTree = "<group>";
		};
		B2767FA21AE032B4007C33B8 /* LaunchScreen.xib */ = {
			isa = PBXVariantGroup;
			children = (
				B2767FA31AE032B4007C33B8 /* Base */,
			);
			name = LaunchScreen.xib;
			sourceTree = "<group>";
		};
/* End PBXVariantGroup section */

/* Begin XCBuildConfiguration section */
		B2767FB11AE032B4007C33B8 /* Debug */ = {
			isa = XCBuildConfiguration;
			buildSettings = {
				ALWAYS_SEARCH_USER_PATHS = NO;
				CLANG_CXX_LANGUAGE_STANDARD = "gnu++0x";
				CLANG_CXX_LIBRARY = "libc++";
				CLANG_ENABLE_MODULES = YES;
				CLANG_ENABLE_OBJC_ARC = YES;
				CLANG_WARN_BOOL_CONVERSION = YES;
				CLANG_WARN_CONSTANT_CONVERSION = YES;
				CLANG_WARN_DIRECT_OBJC_ISA_USAGE = YES_ERROR;
				CLANG_WARN_EMPTY_BODY = YES;
				CLANG_WARN_ENUM_CONVERSION = YES;
				CLANG_WARN_INT_CONVERSION = YES;
				CLANG_WARN_OBJC_ROOT_CLASS = YES_ERROR;
				CLANG_WARN_UNREACHABLE_CODE = YES;
				CLANG_WARN__DUPLICATE_METHOD_MATCH = YES;
				"CODE_SIGN_IDENTITY[sdk=iphoneos*]" = "iPhone Developer";
				COPY_PHASE_STRIP = NO;
				ENABLE_STRICT_OBJC_MSGSEND = YES;
				GCC_C_LANGUAGE_STANDARD = gnu99;
				GCC_DYNAMIC_NO_PIC = NO;
				GCC_OPTIMIZATION_LEVEL = 0;
				GCC_PREPROCESSOR_DEFINITIONS = (
					"DEBUG=1",
					"$(inherited)",
				);
				GCC_SYMBOLS_PRIVATE_EXTERN = NO;
				GCC_WARN_64_TO_32_BIT_CONVERSION = YES;
				GCC_WARN_ABOUT_RETURN_TYPE = YES_ERROR;
				GCC_WARN_UNDECLARED_SELECTOR = YES;
				GCC_WARN_UNINITIALIZED_AUTOS = YES_AGGRESSIVE;
				GCC_WARN_UNUSED_FUNCTION = YES;
				GCC_WARN_UNUSED_VARIABLE = YES;
				IPHONEOS_DEPLOYMENT_TARGET = 8.2;
				MTL_ENABLE_DEBUG_INFO = YES;
				ONLY_ACTIVE_ARCH = YES;
				SDKROOT = iphoneos;
				SWIFT_OPTIMIZATION_LEVEL = "-Onone";
				TARGETED_DEVICE_FAMILY = "1,2";
			};
			name = Debug;
		};
		B2767FB21AE032B4007C33B8 /* Release */ = {
			isa = XCBuildConfiguration;
			buildSettings = {
				ALWAYS_SEARCH_USER_PATHS = NO;
				CLANG_CXX_LANGUAGE_STANDARD = "gnu++0x";
				CLANG_CXX_LIBRARY = "libc++";
				CLANG_ENABLE_MODULES = YES;
				CLANG_ENABLE_OBJC_ARC = YES;
				CLANG_WARN_BOOL_CONVERSION = YES;
				CLANG_WARN_CONSTANT_CONVERSION = YES;
				CLANG_WARN_DIRECT_OBJC_ISA_USAGE = YES_ERROR;
				CLANG_WARN_EMPTY_BODY = YES;
				CLANG_WARN_ENUM_CONVERSION = YES;
				CLANG_WARN_INT_CONVERSION = YES;
				CLANG_WARN_OBJC_ROOT_CLASS = YES_ERROR;
				CLANG_WARN_UNREACHABLE_CODE = YES;
				CLANG_WARN__DUPLICATE_METHOD_MATCH = YES;
				"CODE_SIGN_IDENTITY[sdk=iphoneos*]" = "iPhone Developer";
				COPY_PHASE_STRIP = NO;
				ENABLE_NS_ASSERTIONS = NO;
				ENABLE_STRICT_OBJC_MSGSEND = YES;
				GCC_C_LANGUAGE_STANDARD = gnu99;
				GCC_WARN_64_TO_32_BIT_CONVERSION = YES;
				GCC_WARN_ABOUT_RETURN_TYPE = YES_ERROR;
				GCC_WARN_UNDECLARED_SELECTOR = YES;
				GCC_WARN_UNINITIALIZED_AUTOS = YES_AGGRESSIVE;
				GCC_WARN_UNUSED_FUNCTION = YES;
				GCC_WARN_UNUSED_VARIABLE = YES;
				IPHONEOS_DEPLOYMENT_TARGET = 8.2;
				MTL_ENABLE_DEBUG_INFO = NO;
				SDKROOT = iphoneos;
				TARGETED_DEVICE_FAMILY = "1,2";
				VALIDATE_PRODUCT = YES;
			};
			name = Release;
		};
		B2767FB41AE032B4007C33B8 /* Debug */ = {
			isa = XCBuildConfiguration;
			buildSettings = {
				ASSETCATALOG_COMPILER_APPICON_NAME = AppIcon;
				INFOPLIST_FILE = image_download/Info.plist;
				LD_RUNPATH_SEARCH_PATHS = "$(inherited) @executable_path/Frameworks";
				PRODUCT_NAME = "$(TARGET_NAME)";
			};
			name = Debug;
		};
		B2767FB51AE032B4007C33B8 /* Release */ = {
			isa = XCBuildConfiguration;
			buildSettings = {
				ASSETCATALOG_COMPILER_APPICON_NAME = AppIcon;
				INFOPLIST_FILE = image_download/Info.plist;
				LD_RUNPATH_SEARCH_PATHS = "$(inherited) @executable_path/Frameworks";
				PRODUCT_NAME = "$(TARGET_NAME)";
				SWIFT_OPTIMIZATION_LEVEL = "-Onone";
			};
			name = Release;
		};
		B2767FB71AE032B4007C33B8 /* Debug */ = {
			isa = XCBuildConfiguration;
			buildSettings = {
				BUNDLE_LOADER = "$(TEST_HOST)";
				FRAMEWORK_SEARCH_PATHS = (
					"$(SDKROOT)/Developer/Library/Frameworks",
					"$(inherited)",
				);
				GCC_PREPROCESSOR_DEFINITIONS = (
					"DEBUG=1",
					"$(inherited)",
				);
				INFOPLIST_FILE = image_downloadTests/Info.plist;
				LD_RUNPATH_SEARCH_PATHS = "$(inherited) @executable_path/Frameworks @loader_path/Frameworks";
				PRODUCT_NAME = "$(TARGET_NAME)";
				TEST_HOST = "$(BUILT_PRODUCTS_DIR)/image_download.app/image_download";
			};
			name = Debug;
		};
		B2767FB81AE032B4007C33B8 /* Release */ = {
			isa = XCBuildConfiguration;
			buildSettings = {
				BUNDLE_LOADER = "$(TEST_HOST)";
				FRAMEWORK_SEARCH_PATHS = (
					"$(SDKROOT)/Developer/Library/Frameworks",
					"$(inherited)",
				);
				INFOPLIST_FILE = image_downloadTests/Info.plist;
				LD_RUNPATH_SEARCH_PATHS = "$(inherited) @executable_path/Frameworks @loader_path/Frameworks";
				PRODUCT_NAME = "$(TARGET_NAME)";
				TEST_HOST = "$(BUILT_PRODUCTS_DIR)/image_download.app/image_download";
			};
			name = Release;
		};
/* End XCBuildConfiguration section */

/* Begin XCConfigurationList section */
		B2767F8F1AE032B4007C33B8 /* Build configuration list for PBXProject "image_download" */ = {
			isa = XCConfigurationList;
			buildConfigurations = (
				B2767FB11AE032B4007C33B8 /* Debug */,
				B2767FB21AE032B4007C33B8 /* Release */,
			);
			defaultConfigurationIsVisible = 0;
			defaultConfigurationName = Release;
		};
		B2767FB31AE032B4007C33B8 /* Build configuration list for PBXNativeTarget "image_download" */ = {
			isa = XCConfigurationList;
			buildConfigurations = (
				B2767FB41AE032B4007C33B8 /* Debug */,
				B2767FB51AE032B4007C33B8 /* Release */,
			);
			defaultConfigurationIsVisible = 0;
			defaultConfigurationName = Release;
		};
		B2767FB61AE032B4007C33B8 /* Build configuration list for PBXNativeTarget "image_downloadTests" */ = {
			isa = XCConfigurationList;
			buildConfigurations = (
				B2767FB71AE032B4007C33B8 /* Debug */,
				B2767FB81AE032B4007C33B8 /* Release */,
			);
			defaultConfigurationIsVisible = 0;
			defaultConfigurationName = Release;
		};
/* End XCConfigurationList section */
	};
	rootObject = B2767F8C1AE032B4007C33B8 /* Project object */;
}
